// !$*UTF8*$!
{
	archiveVersion = 1;
	classes = {
	};
	objectVersion = 46;
	objects = {

/* Begin PBXBuildFile section */
		2502D35D1BDDF7A200F4A6F1 /* AppDelegate.m in Sources */ = {isa = PBXBuildFile; fileRef = 2502D35C1BDDF7A200F4A6F1 /* AppDelegate.m */; };
		2502D3601BDDF7A200F4A6F1 /* main.m in Sources */ = {isa = PBXBuildFile; fileRef = 2502D35F1BDDF7A200F4A6F1 /* main.m */; };
		2502D3651BDDF7A200F4A6F1 /* Assets.xcassets in Resources */ = {isa = PBXBuildFile; fileRef = 2502D3641BDDF7A200F4A6F1 /* Assets.xcassets */; };
		2502D3681BDDF7A200F4A6F1 /* Main.storyboard in Resources */ = {isa = PBXBuildFile; fileRef = 2502D3661BDDF7A200F4A6F1 /* Main.storyboard */; };
		2502D3711BDDF92F00F4A6F1 /* AMDocumentWindow.m in Sources */ = {isa = PBXBuildFile; fileRef = 2502D3701BDDF92F00F4A6F1 /* AMDocumentWindow.m */; };
		2502D3741BDDF98900F4A6F1 /* VCTabViewController.m in Sources */ = {isa = PBXBuildFile; fileRef = 2502D3731BDDF98900F4A6F1 /* VCTabViewController.m */; };
/* End PBXBuildFile section */

/* Begin PBXFileReference section */
		2502D3581BDDF7A200F4A6F1 /* Tabbed Window.app */ = {isa = PBXFileReference; explicitFileType = wrapper.application; includeInIndex = 0; path = "Tabbed Window.app"; sourceTree = BUILT_PRODUCTS_DIR; };
		2502D35B1BDDF7A200F4A6F1 /* AppDelegate.h */ = {isa = PBXFileReference; lastKnownFileType = sourcecode.c.h; path = AppDelegate.h; sourceTree = "<group>"; };
		2502D35C1BDDF7A200F4A6F1 /* AppDelegate.m */ = {isa = PBXFileReference; lastKnownFileType = sourcecode.c.objc; path = AppDelegate.m; sourceTree = "<group>"; };
		2502D35F1BDDF7A200F4A6F1 /* main.m */ = {isa = PBXFileReference; lastKnownFileType = sourcecode.c.objc; path = main.m; sourceTree = "<group>"; };
		2502D3641BDDF7A200F4A6F1 /* Assets.xcassets */ = {isa = PBXFileReference; lastKnownFileType = folder.assetcatalog; path = Assets.xcassets; sourceTree = "<group>"; };
		2502D3671BDDF7A200F4A6F1 /* Base */ = {isa = PBXFileReference; lastKnownFileType = file.storyboard; name = Base; path = Base.lproj/Main.storyboard; sourceTree = "<group>"; };
		2502D3691BDDF7A200F4A6F1 /* Info.plist */ = {isa = PBXFileReference; lastKnownFileType = text.plist.xml; path = Info.plist; sourceTree = "<group>"; };
		2502D36F1BDDF92F00F4A6F1 /* AMDocumentWindow.h */ = {isa = PBXFileReference; fileEncoding = 4; lastKnownFileType = sourcecode.c.h; path = AMDocumentWindow.h; sourceTree = "<group>"; };
		2502D3701BDDF92F00F4A6F1 /* AMDocumentWindow.m */ = {isa = PBXFileReference; fileEncoding = 4; lastKnownFileType = sourcecode.c.objc; path = AMDocumentWindow.m; sourceTree = "<group>"; };
		2502D3721BDDF98900F4A6F1 /* VCTabViewController.h */ = {isa = PBXFileReference; fileEncoding = 4; lastKnownFileType = sourcecode.c.h; path = VCTabViewController.h; sourceTree = "<group>"; };
		2502D3731BDDF98900F4A6F1 /* VCTabViewController.m */ = {isa = PBXFileReference; fileEncoding = 4; lastKnownFileType = sourcecode.c.objc; path = VCTabViewController.m; sourceTree = "<group>"; };
/* End PBXFileReference section */

/* Begin PBXFrameworksBuildPhase section */
		2502D3551BDDF7A200F4A6F1 /* Frameworks */ = {
			isa = PBXFrameworksBuildPhase;
			buildActionMask = 2147483647;
			files = (
			);
			runOnlyForDeploymentPostprocessing = 0;
		};
/* End PBXFrameworksBuildPhase section */

/* Begin PBXGroup section */
		2502D34F1BDDF7A200F4A6F1 = {
			isa = PBXGroup;
			children = (
				2502D35A1BDDF7A200F4A6F1 /* Tabbed Window */,
				2502D3591BDDF7A200F4A6F1 /* Products */,
			);
			sourceTree = "<group>";
		};
		2502D3591BDDF7A200F4A6F1 /* Products */ = {
			isa = PBXGroup;
			children = (
				2502D3581BDDF7A200F4A6F1 /* Tabbed Window.app */,
			);
			name = Products;
			sourceTree = "<group>";
		};
		2502D35A1BDDF7A200F4A6F1 /* Tabbed Window */ = {
			isa = PBXGroup;
			children = (
				2502D35B1BDDF7A200F4A6F1 /* AppDelegate.h */,
				2502D35C1BDDF7A200F4A6F1 /* AppDelegate.m */,
				2502D36F1BDDF92F00F4A6F1 /* AMDocumentWindow.h */,
				2502D3701BDDF92F00F4A6F1 /* AMDocumentWindow.m */,
				2502D3721BDDF98900F4A6F1 /* VCTabViewController.h */,
				2502D3731BDDF98900F4A6F1 /* VCTabViewController.m */,
				2502D3641BDDF7A200F4A6F1 /* Assets.xcassets */,
				2502D3661BDDF7A200F4A6F1 /* Main.storyboard */,
				2502D3691BDDF7A200F4A6F1 /* Info.plist */,
				2502D35E1BDDF7A200F4A6F1 /* Supporting Files */,
			);
			path = "Tabbed Window";
			sourceTree = "<group>";
		};
		2502D35E1BDDF7A200F4A6F1 /* Supporting Files */ = {
			isa = PBXGroup;
			children = (
				2502D35F1BDDF7A200F4A6F1 /* main.m */,
			);
			name = "Supporting Files";
			sourceTree = "<group>";
		};
/* End PBXGroup section */

/* Begin PBXNativeTarget section */
		2502D3571BDDF7A200F4A6F1 /* Tabbed Window */ = {
			isa = PBXNativeTarget;
			buildConfigurationList = 2502D36C1BDDF7A200F4A6F1 /* Build configuration list for PBXNativeTarget "Tabbed Window" */;
			buildPhases = (
				2502D3541BDDF7A200F4A6F1 /* Sources */,
				2502D3551BDDF7A200F4A6F1 /* Frameworks */,
				2502D3561BDDF7A200F4A6F1 /* Resources */,
			);
			buildRules = (
			);
			dependencies = (
			);
			name = "Tabbed Window";
			productName = "Tabbed Window";
			productReference = 2502D3581BDDF7A200F4A6F1 /* Tabbed Window.app */;
			productType = "com.apple.product-type.application";
		};
/* End PBXNativeTarget section */

/* Begin PBXProject section */
		2502D3501BDDF7A200F4A6F1 /* Project object */ = {
			isa = PBXProject;
			attributes = {
				LastUpgradeCheck = 0710;
				ORGANIZATIONNAME = "朱文杰";
				TargetAttributes = {
					2502D3571BDDF7A200F4A6F1 = {
						CreatedOnToolsVersion = 7.1;
					};
				};
			};
			buildConfigurationList = 2502D3531BDDF7A200F4A6F1 /* Build configuration list for PBXProject "Tabbed Window" */;
			compatibilityVersion = "Xcode 3.2";
			developmentRegion = English;
			hasScannedForEncodings = 0;
			knownRegions = (
				en,
				Base,
			);
			mainGroup = 2502D34F1BDDF7A200F4A6F1;
			productRefGroup = 2502D3591BDDF7A200F4A6F1 /* Products */;
			projectDirPath = "";
			projectRoot = "";
			targets = (
				2502D3571BDDF7A200F4A6F1 /* Tabbed Window */,
			);
		};
/* End PBXProject section */

/* Begin PBXResourcesBuildPhase section */
		2502D3561BDDF7A200F4A6F1 /* Resources */ = {
			isa = PBXResourcesBuildPhase;
			buildActionMask = 2147483647;
			files = (
				2502D3651BDDF7A200F4A6F1 /* Assets.xcassets in Resources */,
				2502D3681BDDF7A200F4A6F1 /* Main.storyboard in Resources */,
			);
			runOnlyForDeploymentPostprocessing = 0;
		};
/* End PBXResourcesBuildPhase section */

/* Begin PBXSourcesBuildPhase section */
		2502D3541BDDF7A200F4A6F1 /* Sources */ = {
			isa = PBXSourcesBuildPhase;
			buildActionMask = 2147483647;
			files = (
				2502D3601BDDF7A200F4A6F1 /* main.m in Sources */,
				2502D3711BDDF92F00F4A6F1 /* AMDocumentWindow.m in Sources */,
				2502D35D1BDDF7A200F4A6F1 /* AppDelegate.m in Sources */,
				2502D3741BDDF98900F4A6F1 /* VCTabViewController.m in Sources */,
			);
			runOnlyForDeploymentPostprocessing = 0;
		};
/* End PBXSourcesBuildPhase section */

/* Begin PBXVariantGroup section */
		2502D3661BDDF7A200F4A6F1 /* Main.storyboard */ = {
			isa = PBXVariantGroup;
			children = (
				2502D3671BDDF7A200F4A6F1 /* Base */,
			);
			name = Main.storyboard;
			sourceTree = "<group>";
		};
/* End PBXVariantGroup section */

/* Begin XCBuildConfiguration section */
		2502D36A1BDDF7A200F4A6F1 /* Debug */ = {
			isa = XCBuildConfiguration;
			buildSettings = {
				ALWAYS_SEARCH_USER_PATHS = NO;
				CLANG_CXX_LANGUAGE_STANDARD = "gnu++0x";
				CLANG_CXX_LIBRARY = "libc++";
				CLANG_ENABLE_MODULES = YES;
				CLANG_ENABLE_OBJC_ARC = YES;
				CLANG_WARN_BOOL_CONVERSION = YES;
				CLANG_WARN_CONSTANT_CONVERSION = YES;
				CLANG_WARN_DIRECT_OBJC_ISA_USAGE = YES_ERROR;
				CLANG_WARN_EMPTY_BODY = YES;
				CLANG_WARN_ENUM_CONVERSION = YES;
				CLANG_WARN_INT_CONVERSION = YES;
				CLANG_WARN_OBJC_ROOT_CLASS = YES_ERROR;
				CLANG_WARN_UNREACHABLE_CODE = YES;
				CLANG_WARN__DUPLICATE_METHOD_MATCH = YES;
				CODE_SIGN_IDENTITY = "-";
				COPY_PHASE_STRIP = NO;
				DEBUG_INFORMATION_FORMAT = dwarf;
				ENABLE_STRICT_OBJC_MSGSEND = YES;
				ENABLE_TESTABILITY = YES;
				GCC_C_LANGUAGE_STANDARD = gnu99;
				GCC_DYNAMIC_NO_PIC = NO;
				GCC_NO_COMMON_BLOCKS = YES;
				GCC_OPTIMIZATION_LEVEL = 0;
				GCC_PREPROCESSOR_DEFINITIONS = (
					"DEBUG=1",
					"$(inherited)",
				);
				GCC_WARN_64_TO_32_BIT_CONVERSION = YES;
				GCC_WARN_ABOUT_RETURN_TYPE = YES_ERROR;
				GCC_WARN_UNDECLARED_SELECTOR = YES;
				GCC_WARN_UNINITIALIZED_AUTOS = YES_AGGRESSIVE;
				GCC_WARN_UNUSED_FUNCTION = YES;
				GCC_WARN_UNUSED_VARIABLE = YES;
				MACOSX_DEPLOYMENT_TARGET = 10.11;
				MTL_ENABLE_DEBUG_INFO = YES;
				ONLY_ACTIVE_ARCH = YES;
				SDKROOT = macosx;
			};
			name = Debug;
		};
		2502D36B1BDDF7A200F4A6F1 /* Release */ = {
			isa = XCBuildConfiguration;
			buildSettings = {
				ALWAYS_SEARCH_USER_PATHS = NO;
				CLANG_CXX_LANGUAGE_STANDARD = "gnu++0x";
				CLANG_CXX_LIBRARY = "libc++";
				CLANG_ENABLE_MODULES = YES;
				CLANG_ENABLE_OBJC_ARC = YES;
				CLANG_WARN_BOOL_CONVERSION = YES;
				CLANG_WARN_CONSTANT_CONVERSION = YES;
				CLANG_WARN_DIRECT_OBJC_ISA_USAGE = YES_ERROR;
				CLANG_WARN_EMPTY_BODY = YES;
				CLANG_WARN_ENUM_CONVERSION = YES;
				CLANG_WARN_INT_CONVERSION = YES;
				CLANG_WARN_OBJC_ROOT_CLASS = YES_ERROR;
				CLANG_WARN_UNREACHABLE_CODE = YES;
				CLANG_WARN__DUPLICATE_METHOD_MATCH = YES;
				CODE_SIGN_IDENTITY = "-";
				COPY_PHASE_STRIP = NO;
				DEBUG_INFORMATION_FORMAT = "dwarf-with-dsym";
				ENABLE_NS_ASSERTIONS = NO;
				ENABLE_STRICT_OBJC_MSGSEND = YES;
				GCC_C_LANGUAGE_STANDARD = gnu99;
				GCC_NO_COMMON_BLOCKS = YES;
				GCC_WARN_64_TO_32_BIT_CONVERSION = YES;
				GCC_WARN_ABOUT_RETURN_TYPE = YES_ERROR;
				GCC_WARN_UNDECLARED_SELECTOR = YES;
				GCC_WARN_UNINITIALIZED_AUTOS = YES_AGGRESSIVE;
				GCC_WARN_UNUSED_FUNCTION = YES;
				GCC_WARN_UNUSED_VARIABLE = YES;
				MACOSX_DEPLOYMENT_TARGET = 10.11;
				MTL_ENABLE_DEBUG_INFO = NO;
				SDKROOT = macosx;
			};
			name = Release;
		};
		2502D36D1BDDF7A200F4A6F1 /* Debug */ = {
			isa = XCBuildConfiguration;
			buildSettings = {
				ASSETCATALOG_COMPILER_APPICON_NAME = AppIcon;
				COMBINE_HIDPI_IMAGES = YES;
				INFOPLIST_FILE = "Tabbed Window/Info.plist";
				LD_RUNPATH_SEARCH_PATHS = "$(inherited) @executable_path/../Frameworks";
				PRODUCT_BUNDLE_IDENTIFIER = "me.venj.Tabbed-Window";
				PRODUCT_NAME = "$(TARGET_NAME)";
			};
			name = Debug;
		};
		2502D36E1BDDF7A200F4A6F1 /* Release */ = {
			isa = XCBuildConfiguration;
			buildSettings = {
				ASSETCATALOG_COMPILER_APPICON_NAME = AppIcon;
				COMBINE_HIDPI_IMAGES = YES;
				INFOPLIST_FILE = "Tabbed Window/Info.plist";
				LD_RUNPATH_SEARCH_PATHS = "$(inherited) @executable_path/../Frameworks";
				PRODUCT_BUNDLE_IDENTIFIER = "me.venj.Tabbed-Window";
				PRODUCT_NAME = "$(TARGET_NAME)";
			};
			name = Release;
		};
/* End XCBuildConfiguration section */

/* Begin XCConfigurationList section */
		2502D3531BDDF7A200F4A6F1 /* Build configuration list for PBXProject "Tabbed Window" */ = {
			isa = XCConfigurationList;
			buildConfigurations = (
				2502D36A1BDDF7A200F4A6F1 /* Debug */,
				2502D36B1BDDF7A200F4A6F1 /* Release */,
			);
			defaultConfigurationIsVisible = 0;
			defaultConfigurationName = Release;
		};
		2502D36C1BDDF7A200F4A6F1 /* Build configuration list for PBXNativeTarget "Tabbed Window" */ = {
			isa = XCConfigurationList;
			buildConfigurations = (
				2502D36D1BDDF7A200F4A6F1 /* Debug */,
				2502D36E1BDDF7A200F4A6F1 /* Release */,
			);
			defaultConfigurationIsVisible = 0;
		};
/* End XCConfigurationList section */
	};
	rootObject = 2502D3501BDDF7A200F4A6F1 /* Project object */;
}
